
Microsoft Visual Studio Solution File, Format Version 12.00
# Visual Studio Version 16
VisualStudioVersion = 16.0.31129.286
MinimumVisualStudioVersion = 10.0.40219.1
Project("{FAE04EC0-301F-11D3-BF4B-00C04F79EFBC}") = "GenericAudioSwitch", "GenericAudioSwitch.csproj", "{BDD94DCE-AC31-48B6-8C0C-7B18CFFCF042}"
EndProject
Global
	GlobalSection(SolutionConfigurationPlatforms) = preSolution
		Debug|Any CPU = Debug|Any CPU
		Release|Any CPU = Release|Any CPU
	EndGlobalSection
	GlobalSection(ProjectConfigurationPlatforms) = postSolution
		{BDD94DCE-AC31-48B6-8C0C-7B18CFFCF042}.Debug|Any CPU.ActiveCfg = Debug|Any CPU
		{BDD94DCE-AC31-48B6-8C0C-7B18CFFCF042}.Debug|Any CPU.Build.0 = Debug|Any CPU
		{BDD94DCE-AC31-48B6-8C0C-7B18CFFCF042}.Release|Any CPU.ActiveCfg = Release|Any CPU
		{BDD94DCE-AC31-48B6-8C0C-7B18CFFCF042}.Release|Any CPU.Build.0 = Release|Any CPU
	EndGlobalSection
	GlobalSection(SolutionProperties) = preSolution
		HideSolutionNode = FALSE
	EndGlobalSection
	GlobalSection(ExtensibilityGlobals) = postSolution
		SolutionGuid = {D2DD8568-7C73-4E3B-BF64-AB9B519D66CC}
	EndGlobalSection
EndGlobal
