
Microsoft Visual Studio Solution File, Format Version 12.00
# Visual Studio Version 16
VisualStudioVersion = 16.0.31424.327
MinimumVisualStudioVersion = 10.0.40219.1
Project("{FAE04EC0-301F-11D3-BF4B-00C04F79EFBC}") = "GenericAudioSwitchProcessor", "GenericAudioSwitchProcessor.csproj", "{3D77ACFF-7345-4BC8-95D4-ADDA70585970}"
EndProject
Global
	GlobalSection(SolutionConfigurationPlatforms) = preSolution
		Debug|Any CPU = Debug|Any CPU
		Release|Any CPU = Release|Any CPU
	EndGlobalSection
	GlobalSection(ProjectConfigurationPlatforms) = postSolution
		{3D77ACFF-7345-4BC8-95D4-ADDA70585970}.Debug|Any CPU.ActiveCfg = Debug|Any CPU
		{3D77ACFF-7345-4BC8-95D4-ADDA70585970}.Debug|Any CPU.Build.0 = Debug|Any CPU
		{3D77ACFF-7345-4BC8-95D4-ADDA70585970}.Release|Any CPU.ActiveCfg = Release|Any CPU
		{3D77ACFF-7345-4BC8-95D4-ADDA70585970}.Release|Any CPU.Build.0 = Release|Any CPU
	EndGlobalSection
	GlobalSection(SolutionProperties) = preSolution
		HideSolutionNode = FALSE
	EndGlobalSection
	GlobalSection(ExtensibilityGlobals) = postSolution
		SolutionGuid = {6918FD33-F8DE-4B0A-87E5-5F6B196A8309}
	EndGlobalSection
EndGlobal
